
Microsoft Visual Studio Solution File, Format Version 12.00
# Visual Studio Version 17
VisualStudioVersion = 17.2.32630.192
MinimumVisualStudioVersion = 10.0.40219.1
Project("{9A19103F-16F7-4668-BE54-9A1E7A4F7556}") = "WinAppSdkCleaner", "WinAppSdkCleaner\WinAppSdkCleaner.csproj", "{46C2822C-CE60-4AF9-99EA-D6B104D9C289}"
EndProject
Global
	GlobalSection(SolutionConfigurationPlatforms) = preSolution
		Debug|Any CPU = Debug|Any CPU
		Release|Any CPU = Release|Any CPU
	EndGlobalSection
	GlobalSection(ProjectConfigurationPlatforms) = postSolution
		{46C2822C-CE60-4AF9-99EA-D6B104D9C289}.Debug|Any CPU.ActiveCfg = Debug|Any CPU
		{46C2822C-CE60-4AF9-99EA-D6B104D9C289}.Debug|Any CPU.Build.0 = Debug|Any CPU
		{46C2822C-CE60-4AF9-99EA-D6B104D9C289}.Release|Any CPU.ActiveCfg = Release|Any CPU
		{46C2822C-CE60-4AF9-99EA-D6B104D9C289}.Release|Any CPU.Build.0 = Release|Any CPU
	EndGlobalSection
	GlobalSection(SolutionProperties) = preSolution
		HideSolutionNode = FALSE
	EndGlobalSection
	GlobalSection(ExtensibilityGlobals) = postSolution
		SolutionGuid = {B44C677C-EB81-4685-8067-64D3923D3A35}
	EndGlobalSection
EndGlobal
